PODS:
  - Flutter (1.0.0)
  - sensitive_clipboard (0.0.1):
    - Flutter

DEPENDENCIES:
  - Flutter (from `Flutter`)
  - sensitive_clipboard (from `.symlinks/plugins/sensitive_clipboard/ios`)

EXTERNAL SOURCES:
  Flutter:
    :path: Flutter
  sensitive_clipboard:
    :path: ".symlinks/plugins/sensitive_clipboard/ios"

SPEC CHECKSUMS:
  Flutter: e0871f40cf51350855a761d2e70bf5af5b9b5de7
  sensitive_clipboard: d4866e5d176581536c27bb1618642ee83adca986

PODFILE CHECKSUM: 4e8f8b2be68aeea4c0d5beb6ff1e79fface1d048

COCOAPODS: 1.15.2
